// !$*UTF8*$!
{
	archiveVersion = 1;
	classes = {
	};
	objectVersion = 50;
	objects = {

/* Begin PBXGroup section */
		BF86E54626A0CD6A008FA1DE = {
			isa = PBXGroup;
			children = (
			);
			sourceTree = "<group>";
		};
/* End PBXGroup section */

/* Begin PBXProject section */
		BF86E54726A0CD6A008FA1DE /* Project object */ = {
			isa = PBXProject;
			attributes = {
				LastUpgradeCheck = 1240;
			};
			buildConfigurationList = BF86E54A26A0CD6A008FA1DE /* Build configuration list for PBXProject "ImageURLJSONJavaScript" */;
			compatibilityVersion = "Xcode 9.3";
			developmentRegion = en;
			hasScannedForEncodings = 0;
			knownRegions = (
				en,
				Base,
			);
			mainGroup = BF86E54626A0CD6A008FA1DE;
			projectDirPath = "";
			projectRoot = "";
			targets = (
			);
		};
/* End PBXProject section */

/* Begin XCBuildConfiguration section */
		BF86E54B26A0CD6A008FA1DE /* Debug */ = {
			isa = XCBuildConfiguration;
			buildSettings = {
			};
			name = Debug;
		};
		BF86E54C26A0CD6A008FA1DE /* Release */ = {
			isa = XCBuildConfiguration;
			buildSettings = {
			};
			name = Release;
		};
/* End XCBuildConfiguration section */

/* Begin XCConfigurationList section */
		BF86E54A26A0CD6A008FA1DE /* Build configuration list for PBXProject "ImageURLJSONJavaScript" */ = {
			isa = XCConfigurationList;
			buildConfigurations = (
				BF86E54B26A0CD6A008FA1DE /* Debug */,
				BF86E54C26A0CD6A008FA1DE /* Release */,
			);
			defaultConfigurationIsVisible = 0;
			defaultConfigurationName = Release;
		};
/* End XCConfigurationList section */
	};
	rootObject = BF86E54726A0CD6A008FA1DE /* Project object */;
}
